
Microsoft Visual Studio Solution File, Format Version 12.00
# Visual Studio Version 17
VisualStudioVersion = 17.4.33103.184
MinimumVisualStudioVersion = 10.0.40219.1
Project("{8BC9CEB8-8B4A-11D0-8D11-00A0C91BC942}") = "laba10", "laba10\laba10.vcxproj", "{85465875-57F5-4805-81B3-B2354B17157C}"
EndProject
Global
	GlobalSection(SolutionConfigurationPlatforms) = preSolution
		Debug|x64 = Debug|x64
		Debug|x86 = Debug|x86
		Release|x64 = Release|x64
		Release|x86 = Release|x86
	EndGlobalSection
	GlobalSection(ProjectConfigurationPlatforms) = postSolution
		{85465875-57F5-4805-81B3-B2354B17157C}.Debug|x64.ActiveCfg = Debug|x64
		{85465875-57F5-4805-81B3-B2354B17157C}.Debug|x64.Build.0 = Debug|x64
		{85465875-57F5-4805-81B3-B2354B17157C}.Debug|x86.ActiveCfg = Debug|Win32
		{85465875-57F5-4805-81B3-B2354B17157C}.Debug|x86.Build.0 = Debug|Win32
		{85465875-57F5-4805-81B3-B2354B17157C}.Release|x64.ActiveCfg = Release|x64
		{85465875-57F5-4805-81B3-B2354B17157C}.Release|x64.Build.0 = Release|x64
		{85465875-57F5-4805-81B3-B2354B17157C}.Release|x86.ActiveCfg = Release|Win32
		{85465875-57F5-4805-81B3-B2354B17157C}.Release|x86.Build.0 = Release|Win32
	EndGlobalSection
	GlobalSection(SolutionProperties) = preSolution
		HideSolutionNode = FALSE
	EndGlobalSection
	GlobalSection(ExtensibilityGlobals) = postSolution
		SolutionGuid = {F69FA461-5E3B-4AE8-9DF7-2BF87C354D4F}
	EndGlobalSection
EndGlobal
